
Microsoft Visual Studio Solution File, Format Version 12.00
# Visual Studio 15
VisualStudioVersion = 15.0.28307.136
MinimumVisualStudioVersion = 10.0.40219.1
Project("{E24C65DC-7377-472B-9ABA-BC803B73C61A}") = "fashe-colorlib(1)", "D:\Rento\fashe-colorlib\fashe-colorlib\", "{DE41DB30-9AEE-4ACE-B651-FFEAAC4E9878}"
	ProjectSection(WebsiteProperties) = preProject
		TargetFrameworkMoniker = ".NETFramework,Version%3Dv4.0"
		Debug.AspNetCompiler.VirtualPath = "/localhost_61045"
		Debug.AspNetCompiler.PhysicalPath = "D:\Rento\fashe-colorlib\fashe-colorlib\"
		Debug.AspNetCompiler.TargetPath = "PrecompiledWeb\localhost_61045\"
		Debug.AspNetCompiler.Updateable = "true"
		Debug.AspNetCompiler.ForceOverwrite = "true"
		Debug.AspNetCompiler.FixedNames = "false"
		Debug.AspNetCompiler.Debug = "True"
		Release.AspNetCompiler.VirtualPath = "/localhost_61045"
		Release.AspNetCompiler.PhysicalPath = "D:\Rento\fashe-colorlib\fashe-colorlib\"
		Release.AspNetCompiler.TargetPath = "PrecompiledWeb\localhost_61045\"
		Release.AspNetCompiler.Updateable = "true"
		Release.AspNetCompiler.ForceOverwrite = "true"
		Release.AspNetCompiler.FixedNames = "false"
		Release.AspNetCompiler.Debug = "False"
		VWDPort = "61045"
	EndProjectSection
EndProject
Global
	GlobalSection(SolutionConfigurationPlatforms) = preSolution
		Debug|Any CPU = Debug|Any CPU
	EndGlobalSection
	GlobalSection(ProjectConfigurationPlatforms) = postSolution
		{DE41DB30-9AEE-4ACE-B651-FFEAAC4E9878}.Debug|Any CPU.ActiveCfg = Debug|Any CPU
		{DE41DB30-9AEE-4ACE-B651-FFEAAC4E9878}.Debug|Any CPU.Build.0 = Debug|Any CPU
	EndGlobalSection
	GlobalSection(SolutionProperties) = preSolution
		HideSolutionNode = FALSE
	EndGlobalSection
	GlobalSection(ExtensibilityGlobals) = postSolution
		SolutionGuid = {F0274807-3CA5-4559-9D42-3328EBCEE449}
	EndGlobalSection
EndGlobal
